
Microsoft Visual Studio Solution File, Format Version 12.00
# Visual Studio 15
Project("{FAE04EC0-301F-11D3-BF4B-00C04F79EFBC}") = "SpriteShowByMesh", "SpriteShowByMesh.csproj", "{C3BAF750-CD84-F9B5-AF32-A9310A16B5CE}"
EndProject
Project("{FAE04EC0-301F-11D3-BF4B-00C04F79EFBC}") = "Assembly-CSharp", "Assembly-CSharp.csproj", "{F3BCEB25-6126-BE43-D136-3A4F0F6F9690}"
EndProject
Global
	GlobalSection(SolutionConfigurationPlatforms) = preSolution
		Debug|Any CPU = Debug|Any CPU
		Release|Any CPU = Release|Any CPU
	EndGlobalSection
	GlobalSection(ProjectConfigurationPlatforms) = postSolution
		{C3BAF750-CD84-F9B5-AF32-A9310A16B5CE}.Debug|Any CPU.ActiveCfg = Debug|Any CPU
		{C3BAF750-CD84-F9B5-AF32-A9310A16B5CE}.Debug|Any CPU.Build.0 = Debug|Any CPU
		{C3BAF750-CD84-F9B5-AF32-A9310A16B5CE}.Release|Any CPU.ActiveCfg = Release|Any CPU
		{C3BAF750-CD84-F9B5-AF32-A9310A16B5CE}.Release|Any CPU.Build.0 = Release|Any CPU
		{F3BCEB25-6126-BE43-D136-3A4F0F6F9690}.Debug|Any CPU.ActiveCfg = Debug|Any CPU
		{F3BCEB25-6126-BE43-D136-3A4F0F6F9690}.Debug|Any CPU.Build.0 = Debug|Any CPU
		{F3BCEB25-6126-BE43-D136-3A4F0F6F9690}.Release|Any CPU.ActiveCfg = Release|Any CPU
		{F3BCEB25-6126-BE43-D136-3A4F0F6F9690}.Release|Any CPU.Build.0 = Release|Any CPU
	EndGlobalSection
	GlobalSection(SolutionProperties) = preSolution
		HideSolutionNode = FALSE
	EndGlobalSection
EndGlobal
